// !$*UTF8*$!
{
	archiveVersion = 1;
	classes = {
	};
	objectVersion = 90;
	objects = {

/* Begin PBXBuildFile section */
		2863441E2FFC9C9A00316B2B /* Media.xcassets in Resources */ = {isa = PBXBuildFile; fileRef = 2863441D2FFC9C9A00316B2B /* Media.xcassets */; };
		289072982FF2E06D00D241AA /* FirebaseAI in Frameworks */ = {isa = PBXBuildFile; productRef = 289072972FF2E06D00D241AA /* FirebaseAI */; };
		2890729A2FF2E06D00D241AA /* FirebaseAILogic in Frameworks */ = {isa = PBXBuildFile; productRef = 289072992FF2E06D00D241AA /* FirebaseAILogic */; };
		2890729C2FF2E06D00D241AA /* FirebaseAnalytics in Frameworks */ = {isa = PBXBuildFile; productRef = 2890729B2FF2E06D00D241AA /* FirebaseAnalytics */; };
		2890729E2FF2E06D00D241AA /* FirebaseAnalyticsCore in Frameworks */ = {isa = PBXBuildFile; productRef = 2890729D2FF2E06D00D241AA /* FirebaseAnalyticsCore */; };
		289072A02FF2E06D00D241AA /* FirebaseAnalyticsIdentitySupport in Frameworks */ = {isa = PBXBuildFile; productRef = 2890729F2FF2E06D00D241AA /* FirebaseAnalyticsIdentitySupport */; };
		289072A22FF2E06D00D241AA /* FirebaseAppCheck in Frameworks */ = {isa = PBXBuildFile; productRef = 289072A12FF2E06D00D241AA /* FirebaseAppCheck */; };
		289072A42FF2E06D00D241AA /* FirebaseAppDistribution-Beta in Frameworks */ = {isa = PBXBuildFile; productRef = 289072A32FF2E06D00D241AA /* FirebaseAppDistribution-Beta */; };
		289072A62FF2E06D00D241AA /* FirebaseAuth in Frameworks */ = {isa = PBXBuildFile; productRef = 289072A52FF2E06D00D241AA /* FirebaseAuth */; };
		289072A82FF2E06D00D241AA /* FirebaseAuthCombine-Community in Frameworks */ = {isa = PBXBuildFile; productRef = 289072A72FF2E06D00D241AA /* FirebaseAuthCombine-Community */; };
		289072AA2FF2E06D00D241AA /* FirebaseCore in Frameworks */ = {isa = PBXBuildFile; productRef = 289072A92FF2E06D00D241AA /* FirebaseCore */; };
		289072AC2FF2E06D00D241AA /* FirebaseCrashlytics in Frameworks */ = {isa = PBXBuildFile; productRef = 289072AB2FF2E06D00D241AA /* FirebaseCrashlytics */; };
		289072AE2FF2E06D00D241AA /* FirebaseDatabase in Frameworks */ = {isa = PBXBuildFile; productRef = 289072AD2FF2E06D00D241AA /* FirebaseDatabase */; };
		289072B02FF2E06D00D241AA /* FirebaseFirestore in Frameworks */ = {isa = PBXBuildFile; productRef = 289072AF2FF2E06D00D241AA /* FirebaseFirestore */; };
		289072B22FF2E06D00D241AA /* FirebaseFirestoreCombine-Community in Frameworks */ = {isa = PBXBuildFile; productRef = 289072B12FF2E06D00D241AA /* FirebaseFirestoreCombine-Community */; };
		289072B42FF2E06D00D241AA /* FirebaseFunctions in Frameworks */ = {isa = PBXBuildFile; productRef = 289072B32FF2E06D00D241AA /* FirebaseFunctions */; };
		289072B62FF2E06D00D241AA /* FirebaseFunctionsCombine-Community in Frameworks */ = {isa = PBXBuildFile; productRef = 289072B52FF2E06D00D241AA /* FirebaseFunctionsCombine-Community */; };
		289072B82FF2E06D00D241AA /* FirebaseInAppMessaging-Beta in Frameworks */ = {isa = PBXBuildFile; productRef = 289072B72FF2E06D00D241AA /* FirebaseInAppMessaging-Beta */; };
		289072BA2FF2E06D00D241AA /* FirebaseInstallations in Frameworks */ = {isa = PBXBuildFile; productRef = 289072B92FF2E06D00D241AA /* FirebaseInstallations */; };
		289072BC2FF2E06D00D241AA /* FirebaseMLModelDownloader in Frameworks */ = {isa = PBXBuildFile; productRef = 289072BB2FF2E06D00D241AA /* FirebaseMLModelDownloader */; };
		289072BE2FF2E06D00D241AA /* FirebaseMessaging in Frameworks */ = {isa = PBXBuildFile; productRef = 289072BD2FF2E06D00D241AA /* FirebaseMessaging */; };
		289072C02FF2E06D00D241AA /* FirebasePerformance in Frameworks */ = {isa = PBXBuildFile; productRef = 289072BF2FF2E06D00D241AA /* FirebasePerformance */; };
		289072C22FF2E06D00D241AA /* FirebaseRemoteConfig in Frameworks */ = {isa = PBXBuildFile; productRef = 289072C12FF2E06D00D241AA /* FirebaseRemoteConfig */; };
		289072C42FF2E06D00D241AA /* FirebaseStorage in Frameworks */ = {isa = PBXBuildFile; productRef = 289072C32FF2E06D00D241AA /* FirebaseStorage */; };
		289072C62FF2E06D00D241AA /* FirebaseStorageCombine-Community in Frameworks */ = {isa = PBXBuildFile; productRef = 289072C52FF2E06D00D241AA /* FirebaseStorageCombine-Community */; };
		289072C92FF2E0A500D241AA /* GoogleSignIn in Frameworks */ = {isa = PBXBuildFile; productRef = 289072C82FF2E0A500D241AA /* GoogleSignIn */; };
		289072CB2FF2E0A500D241AA /* GoogleSignInSwift in Frameworks */ = {isa = PBXBuildFile; productRef = 289072CA2FF2E0A500D241AA /* GoogleSignInSwift */; };
/* End PBXBuildFile section */

/* Begin PBXFileReference section */
		2863441D2FFC9C9A00316B2B /* Media.xcassets */ = {isa = PBXFileReference; lastKnownFileType = folder.assetcatalog; path = Media.xcassets; sourceTree = "<group>"; };
		ABCDEF012345678900000001 /* Spaces.app */ = {isa = PBXFileReference; explicitFileType = wrapper.application; includeInIndex = 0; path = Spaces.app; sourceTree = BUILT_PRODUCTS_DIR; };
/* End PBXFileReference section */

/* Begin PBXFileSystemSynchronizedRootGroup section */
		ABCDEF012345678900000002 /* Spaces */ = {
			isa = PBXFileSystemSynchronizedRootGroup;
			path = Spaces;
			sourceTree = "<group>";
		};
/* End PBXFileSystemSynchronizedRootGroup section */

/* Begin PBXFrameworksBuildPhase section */
		ABCDEF012345678900000003 /* Frameworks */ = {
			isa = PBXFrameworksBuildPhase;
			files = (
				289072A42FF2E06D00D241AA /* FirebaseAppDistribution-Beta in Frameworks */,
				289072B02FF2E06D00D241AA /* FirebaseFirestore in Frameworks */,
				289072A82FF2E06D00D241AA /* FirebaseAuthCombine-Community in Frameworks */,
				289072BA2FF2E06D00D241AA /* FirebaseInstallations in Frameworks */,
				2890729A2FF2E06D00D241AA /* FirebaseAILogic in Frameworks */,
				289072CB2FF2E0A500D241AA /* GoogleSignInSwift in Frameworks */,
				289072A02FF2E06D00D241AA /* FirebaseAnalyticsIdentitySupport in Frameworks */,
				289072B82FF2E06D00D241AA /* FirebaseInAppMessaging-Beta in Frameworks */,
				289072982FF2E06D00D241AA /* FirebaseAI in Frameworks */,
				289072AC2FF2E06D00D241AA /* FirebaseCrashlytics in Frameworks */,
				289072B62FF2E06D00D241AA /* FirebaseFunctionsCombine-Community in Frameworks */,
				289072C62FF2E06D00D241AA /* FirebaseStorageCombine-Community in Frameworks */,
				289072AE2FF2E06D00D241AA /* FirebaseDatabase in Frameworks */,
				289072C42FF2E06D00D241AA /* FirebaseStorage in Frameworks */,
				289072C22FF2E06D00D241AA /* FirebaseRemoteConfig in Frameworks */,
				2890729C2FF2E06D00D241AA /* FirebaseAnalytics in Frameworks */,
				289072C92FF2E0A500D241AA /* GoogleSignIn in Frameworks */,
				289072BE2FF2E06D00D241AA /* FirebaseMessaging in Frameworks */,
				289072BC2FF2E06D00D241AA /* FirebaseMLModelDownloader in Frameworks */,
				289072C02FF2E06D00D241AA /* FirebasePerformance in Frameworks */,
				289072AA2FF2E06D00D241AA /* FirebaseCore in Frameworks */,
				289072A22FF2E06D00D241AA /* FirebaseAppCheck in Frameworks */,
				2890729E2FF2E06D00D241AA /* FirebaseAnalyticsCore in Frameworks */,
				289072B42FF2E06D00D241AA /* FirebaseFunctions in Frameworks */,
				289072A62FF2E06D00D241AA /* FirebaseAuth in Frameworks */,
				289072B22FF2E06D00D241AA /* FirebaseFirestoreCombine-Community in Frameworks */,
			);
		};
/* End PBXFrameworksBuildPhase section */

/* Begin PBXGroup section */
		000000000000000000000001 = {
			isa = PBXGroup;
			children = (
				2863441D2FFC9C9A00316B2B /* Media.xcassets */,
				ABCDEF012345678900000002 /* Spaces */,
				000000000000000000000020 /* Products */,
			);
			sourceTree = "<group>";
		};
		000000000000000000000020 /* Products */ = {
			isa = PBXGroup;
			children = (
				ABCDEF012345678900000001 /* Spaces.app */,
			);
			name = Products;
			sourceTree = "<group>";
		};
/* End PBXGroup section */

/* Begin PBXNativeTarget section */
		ABCDEF012345678900000004 /* Spaces */ = {
			isa = PBXNativeTarget;
			buildConfigurationList = ABCDEF012345678900000005 /* Build configuration list for PBXNativeTarget "Spaces" */;
			buildPhases = (
				ABCDEF012345678900000006 /* Sources */,
				ABCDEF012345678900000003 /* Frameworks */,
				ABCDEF012345678900000007 /* Resources */,
			);
			buildRules = (
			);
			fileSystemSynchronizedGroups = (
				ABCDEF012345678900000002 /* Spaces */,
			);
			name = Spaces;
			packageProductDependencies = (
				289072972FF2E06D00D241AA /* FirebaseAI */,
				289072992FF2E06D00D241AA /* FirebaseAILogic */,
				2890729B2FF2E06D00D241AA /* FirebaseAnalytics */,
				2890729D2FF2E06D00D241AA /* FirebaseAnalyticsCore */,
				2890729F2FF2E06D00D241AA /* FirebaseAnalyticsIdentitySupport */,
				289072A12FF2E06D00D241AA /* FirebaseAppCheck */,
				289072A32FF2E06D00D241AA /* FirebaseAppDistribution-Beta */,
				289072A52FF2E06D00D241AA /* FirebaseAuth */,
				289072A72FF2E06D00D241AA /* FirebaseAuthCombine-Community */,
				289072A92FF2E06D00D241AA /* FirebaseCore */,
				289072AB2FF2E06D00D241AA /* FirebaseCrashlytics */,
				289072AD2FF2E06D00D241AA /* FirebaseDatabase */,
				289072AF2FF2E06D00D241AA /* FirebaseFirestore */,
				289072B12FF2E06D00D241AA /* FirebaseFirestoreCombine-Community */,
				289072B32FF2E06D00D241AA /* FirebaseFunctions */,
				289072B52FF2E06D00D241AA /* FirebaseFunctionsCombine-Community */,
				289072B72FF2E06D00D241AA /* FirebaseInAppMessaging-Beta */,
				289072B92FF2E06D00D241AA /* FirebaseInstallations */,
				289072BB2FF2E06D00D241AA /* FirebaseMLModelDownloader */,
				289072BD2FF2E06D00D241AA /* FirebaseMessaging */,
				289072BF2FF2E06D00D241AA /* FirebasePerformance */,
				289072C12FF2E06D00D241AA /* FirebaseRemoteConfig */,
				289072C32FF2E06D00D241AA /* FirebaseStorage */,
				289072C52FF2E06D00D241AA /* FirebaseStorageCombine-Community */,
				289072C82FF2E0A500D241AA /* GoogleSignIn */,
				289072CA2FF2E0A500D241AA /* GoogleSignInSwift */,
			);
			productName = Spaces;
			productReference = ABCDEF012345678900000001 /* Spaces.app */;
			productType = "com.apple.product-type.application";
		};
/* End PBXNativeTarget section */

/* Begin PBXProject section */
		000000000000000000000000 /* Project object */ = {
			isa = PBXProject;
			attributes = {
				BuildIndependentTargetsInParallel = 1;
				LastSwiftUpdateCheck = 2700;
				LastUpgradeCheck = 2700;
				TargetAttributes = {
					ABCDEF012345678900000004 = {
						CreatedOnToolsVersion = 27.0;
					};
				};
			};
			buildConfigurationList = 000000000000000010000000 /* Build configuration list for PBXProject "Spaces" */;
			developmentRegion = en;
			hasScannedForEncodings = 0;
			knownRegions = (
				en,
				Base,
			);
			mainGroup = 000000000000000000000001;
			minimizedProjectReferenceProxies = 1;
			packageReferences = (
				289072962FF2E06D00D241AA /* XCRemoteSwiftPackageReference "firebase-ios-sdk" */,
				289072C72FF2E0A500D241AA /* XCRemoteSwiftPackageReference "GoogleSignIn-iOS" */,
			);
			preferredProjectObjectVersion = 90;
			productRefGroup = 000000000000000000000020 /* Products */;
			projectDirPath = "";
			projectRoot = "";
			targets = (
				ABCDEF012345678900000004 /* Spaces */,
			);
		};
/* End PBXProject section */

/* Begin PBXResourcesBuildPhase section */
		ABCDEF012345678900000007 /* Resources */ = {
			isa = PBXResourcesBuildPhase;
			files = (
				2863441E2FFC9C9A00316B2B /* Media.xcassets in Resources */,
			);
		};
/* End PBXResourcesBuildPhase section */

/* Begin PBXSourcesBuildPhase section */
		ABCDEF012345678900000006 /* Sources */ = {
			isa = PBXSourcesBuildPhase;
			files = (
			);
		};
/* End PBXSourcesBuildPhase section */

/* Begin XCBuildConfiguration section */
		000000000000000011000000 /* Debug configuration for PBXProject "Spaces" */ = {
			isa = XCBuildConfiguration;
			buildSettings = {
				ALWAYS_SEARCH_USER_PATHS = NO;
				CLANG_ANALYZER_NONNULL = YES;
				CLANG_ANALYZER_NUMBER_OBJECT_CONVERSION = YES_AGGRESSIVE;
				CLANG_CXX_LANGUAGE_STANDARD = "gnu++20";
				CLANG_ENABLE_MODULES = YES;
				CLANG_ENABLE_OBJC_ARC = YES;
				CLANG_ENABLE_OBJC_WEAK = YES;
				CLANG_WARN_BLOCK_CAPTURE_AUTORELEASING = YES;
				CLANG_WARN_BOOL_CONVERSION = YES;
				CLANG_WARN_COMMA = YES;
				CLANG_WARN_CONSTANT_CONVERSION = YES;
				CLANG_WARN_DEPRECATED_OBJC_IMPLEMENTATIONS = YES;
				CLANG_WARN_DIRECT_OBJC_ISA_USAGE = YES_ERROR;
				CLANG_WARN_DOCUMENTATION_COMMENTS = YES;
				CLANG_WARN_EMPTY_BODY = YES;
				CLANG_WARN_ENUM_CONVERSION = YES;
				CLANG_WARN_INFINITE_RECURSION = YES;
				CLANG_WARN_INT_CONVERSION = YES;
				CLANG_WARN_NON_LITERAL_NULL_CONVERSION = YES;
				CLANG_WARN_OBJC_IMPLICIT_RETAIN_SELF = YES;
				CLANG_WARN_OBJC_LITERAL_CONVERSION = YES;
				CLANG_WARN_OBJC_ROOT_CLASS = YES_ERROR;
				CLANG_WARN_QUOTED_INCLUDE_IN_FRAMEWORK_HEADER = YES;
				CLANG_WARN_RANGE_LOOP_ANALYSIS = YES;
				CLANG_WARN_STRICT_PROTOTYPES = YES;
				CLANG_WARN_SUSPICIOUS_MOVE = YES;
				CLANG_WARN_UNGUARDED_AVAILABILITY = YES_AGGRESSIVE;
				CLANG_WARN_UNREACHABLE_CODE = YES;
				CLANG_WARN__DUPLICATE_METHOD_MATCH = YES;
				COPY_PHASE_STRIP = NO;
				DEBUG_INFORMATION_FORMAT = dwarf;
				ENABLE_STRICT_OBJC_MSGSEND = YES;
				ENABLE_TESTABILITY = YES;
				ENABLE_USER_SCRIPT_SANDBOXING = YES;
				GCC_C_LANGUAGE_STANDARD = gnu17;
				GCC_DYNAMIC_NO_PIC = NO;
				GCC_NO_COMMON_BLOCKS = YES;
				GCC_OPTIMIZATION_LEVEL = 0;
				GCC_PREPROCESSOR_DEFINITIONS = (
					"DEBUG=1",
					"$(inherited)",
				);
				GCC_WARN_64_TO_32_BIT_CONVERSION = YES;
				GCC_WARN_ABOUT_RETURN_TYPE = YES_ERROR;
				GCC_WARN_UNDECLARED_SELECTOR = YES;
				GCC_WARN_UNINITIALIZED_AUTOS = YES_AGGRESSIVE;
				GCC_WARN_UNUSED_FUNCTION = YES;
				GCC_WARN_UNUSED_VARIABLE = YES;
				IPHONEOS_DEPLOYMENT_TARGET = 15.0;
				LOCALIZATION_PREFERS_STRING_CATALOGS = YES;
				MTL_ENABLE_DEBUG_INFO = INCLUDE_SOURCE;
				MTL_FAST_MATH = YES;
				ONLY_ACTIVE_ARCH = YES;
				SDKROOT = iphoneos;
				STRING_CATALOG_GENERATE_SYMBOLS = YES;
				SWIFT_ACTIVE_COMPILATION_CONDITIONS = "DEBUG $(inherited)";
				SWIFT_OPTIMIZATION_LEVEL = "-Onone";
			};
			name = Debug;
		};
		000000000000000012000000 /* Release configuration for PBXProject "Spaces" */ = {
			isa = XCBuildConfiguration;
			buildSettings = {
				ALWAYS_SEARCH_USER_PATHS = NO;
				CLANG_ANALYZER_NONNULL = YES;
				CLANG_ANALYZER_NUMBER_OBJECT_CONVERSION = YES_AGGRESSIVE;
				CLANG_CXX_LANGUAGE_STANDARD = "gnu++20";
				CLANG_ENABLE_MODULES = YES;
				CLANG_ENABLE_OBJC_ARC = YES;
				CLANG_ENABLE_OBJC_WEAK = YES;
				CLANG_WARN_BLOCK_CAPTURE_AUTORELEASING = YES;
				CLANG_WARN_BOOL_CONVERSION = YES;
				CLANG_WARN_COMMA = YES;
				CLANG_WARN_CONSTANT_CONVERSION = YES;
				CLANG_WARN_DEPRECATED_OBJC_IMPLEMENTATIONS = YES;
				CLANG_WARN_DIRECT_OBJC_ISA_USAGE = YES_ERROR;
				CLANG_WARN_DOCUMENTATION_COMMENTS = YES;
				CLANG_WARN_EMPTY_BODY = YES;
				CLANG_WARN_ENUM_CONVERSION = YES;
				CLANG_WARN_INFINITE_RECURSION = YES;
				CLANG_WARN_INT_CONVERSION = YES;
				CLANG_WARN_NON_LITERAL_NULL_CONVERSION = YES;
				CLANG_WARN_OBJC_IMPLICIT_RETAIN_SELF = YES;
				CLANG_WARN_OBJC_LITERAL_CONVERSION = YES;
				CLANG_WARN_OBJC_ROOT_CLASS = YES_ERROR;
				CLANG_WARN_QUOTED_INCLUDE_IN_FRAMEWORK_HEADER = YES;
				CLANG_WARN_RANGE_LOOP_ANALYSIS = YES;
				CLANG_WARN_STRICT_PROTOTYPES = YES;
				CLANG_WARN_SUSPICIOUS_MOVE = YES;
				CLANG_WARN_UNGUARDED_AVAILABILITY = YES_AGGRESSIVE;
				CLANG_WARN_UNREACHABLE_CODE = YES;
				CLANG_WARN__DUPLICATE_METHOD_MATCH = YES;
				COPY_PHASE_STRIP = NO;
				DEBUG_INFORMATION_FORMAT = "dwarf-with-dsym";
				ENABLE_NS_ASSERTIONS = NO;
				ENABLE_STRICT_OBJC_MSGSEND = YES;
				ENABLE_USER_SCRIPT_SANDBOXING = YES;
				GCC_C_LANGUAGE_STANDARD = gnu17;
				GCC_NO_COMMON_BLOCKS = YES;
				GCC_WARN_64_TO_32_BIT_CONVERSION = YES;
				GCC_WARN_ABOUT_RETURN_TYPE = YES_ERROR;
				GCC_WARN_UNDECLARED_SELECTOR = YES;
				GCC_WARN_UNINITIALIZED_AUTOS = YES_AGGRESSIVE;
				GCC_WARN_UNUSED_FUNCTION = YES;
				GCC_WARN_UNUSED_VARIABLE = YES;
				IPHONEOS_DEPLOYMENT_TARGET = 15.0;
				LOCALIZATION_PREFERS_STRING_CATALOGS = YES;
				MTL_ENABLE_DEBUG_INFO = NO;
				MTL_FAST_MATH = YES;
				SDKROOT = iphoneos;
				STRING_CATALOG_GENERATE_SYMBOLS = YES;
				SWIFT_COMPILATION_MODE = wholemodule;
			};
			name = Release;
		};
		ABCDEF012345678900000008 /* Debug configuration for PBXNativeTarget "Spaces" */ = {
			isa = XCBuildConfiguration;
			buildSettings = {
				ASSETCATALOG_COMPILER_APPICON_NAME = Spaces;
				CODE_SIGN_ENTITLEMENTS = Spaces/Spaces.entitlements;
				CODE_SIGN_STYLE = Automatic;
				CURRENT_PROJECT_VERSION = 0;
				DEVELOPMENT_TEAM = 4Y5JPY7F4N;
				ENABLE_PREVIEWS = YES;
				GENERATE_INFOPLIST_FILE = NO;
				INFOPLIST_FILE = "Spaces-Info.plist";
				INFOPLIST_KEY_CFBundleDisplayName = "Spaces: Your people. Your spaces.";
				INFOPLIST_KEY_LSApplicationCategoryType = "public.app-category.social-networking";
				"INFOPLIST_KEY_UIApplicationSceneManifest_Generation[sdk=iphoneos*]" = YES;
				"INFOPLIST_KEY_UIApplicationSceneManifest_Generation[sdk=iphonesimulator*]" = YES;
				"INFOPLIST_KEY_UIApplicationSupportsIndirectInputEvents[sdk=iphoneos*]" = YES;
				"INFOPLIST_KEY_UIApplicationSupportsIndirectInputEvents[sdk=iphonesimulator*]" = YES;
				"INFOPLIST_KEY_UILaunchScreen_Generation[sdk=iphoneos*]" = YES;
				"INFOPLIST_KEY_UILaunchScreen_Generation[sdk=iphonesimulator*]" = YES;
				"INFOPLIST_KEY_UIStatusBarStyle[sdk=iphoneos*]" = UIStatusBarStyleLightContent;
				"INFOPLIST_KEY_UIStatusBarStyle[sdk=iphonesimulator*]" = UIStatusBarStyleLightContent;
				INFOPLIST_KEY_UISupportedInterfaceOrientations_iPad = "UIInterfaceOrientationPortrait UIInterfaceOrientationPortraitUpsideDown UIInterfaceOrientationLandscapeLeft UIInterfaceOrientationLandscapeRight";
				INFOPLIST_KEY_UISupportedInterfaceOrientations_iPhone = "UIInterfaceOrientationPortrait UIInterfaceOrientationPortraitUpsideDown UIInterfaceOrientationLandscapeLeft UIInterfaceOrientationLandscapeRight";
				IPHONEOS_DEPLOYMENT_TARGET = 15.0;
				LD_RUNPATH_SEARCH_PATHS = "@executable_path/Frameworks";
				MARKETING_VERSION = 1.0;
				"MARKETING_VERSION[sdk=iphoneos*]" = 2.0;
				PRODUCT_BUNDLE_IDENTIFIER = com.ianrupp.spaces;
				PRODUCT_NAME = "$(TARGET_NAME)";
				SDKROOT = iphoneos;
				STRING_CATALOG_GENERATE_SYMBOLS = YES;
				SUPPORTED_PLATFORMS = "iphoneos iphonesimulator";
				SWIFT_APPROACHABLE_CONCURRENCY = YES;
				SWIFT_DEFAULT_ACTOR_ISOLATION = MainActor;
				SWIFT_EMIT_LOC_STRINGS = YES;
				SWIFT_UPCOMING_FEATURE_MEMBER_IMPORT_VISIBILITY = YES;
				SWIFT_VERSION = 5.0;
				TARGETED_DEVICE_FAMILY = "1,2";
			};
			name = Debug;
		};
		ABCDEF012345678900000009 /* Release configuration for PBXNativeTarget "Spaces" */ = {
			isa = XCBuildConfiguration;
			buildSettings = {
				ASSETCATALOG_COMPILER_APPICON_NAME = Spaces;
				CODE_SIGN_ENTITLEMENTS = Spaces/Spaces.entitlements;
				CODE_SIGN_STYLE = Automatic;
				CURRENT_PROJECT_VERSION = 3;
				DEVELOPMENT_TEAM = 4Y5JPY7F4N;
				ENABLE_PREVIEWS = YES;
				GENERATE_INFOPLIST_FILE = NO;
				INFOPLIST_FILE = "Spaces-Info.plist";
				INFOPLIST_KEY_CFBundleDisplayName = "Spaces: Your people. Your spaces.";
				INFOPLIST_KEY_LSApplicationCategoryType = "public.app-category.social-networking";
				"INFOPLIST_KEY_UIApplicationSceneManifest_Generation[sdk=iphoneos*]" = YES;
				"INFOPLIST_KEY_UIApplicationSceneManifest_Generation[sdk=iphonesimulator*]" = YES;
				"INFOPLIST_KEY_UIApplicationSupportsIndirectInputEvents[sdk=iphoneos*]" = YES;
				"INFOPLIST_KEY_UIApplicationSupportsIndirectInputEvents[sdk=iphonesimulator*]" = YES;
				"INFOPLIST_KEY_UILaunchScreen_Generation[sdk=iphoneos*]" = YES;
				"INFOPLIST_KEY_UILaunchScreen_Generation[sdk=iphonesimulator*]" = YES;
				"INFOPLIST_KEY_UIStatusBarStyle[sdk=iphoneos*]" = UIStatusBarStyleLightContent;
				"INFOPLIST_KEY_UIStatusBarStyle[sdk=iphonesimulator*]" = UIStatusBarStyleLightContent;
				INFOPLIST_KEY_UISupportedInterfaceOrientations_iPad = "UIInterfaceOrientationPortrait UIInterfaceOrientationPortraitUpsideDown UIInterfaceOrientationLandscapeLeft UIInterfaceOrientationLandscapeRight";
				INFOPLIST_KEY_UISupportedInterfaceOrientations_iPhone = "UIInterfaceOrientationPortrait UIInterfaceOrientationPortraitUpsideDown UIInterfaceOrientationLandscapeLeft UIInterfaceOrientationLandscapeRight";
				IPHONEOS_DEPLOYMENT_TARGET = 15.0;
				LD_RUNPATH_SEARCH_PATHS = "@executable_path/Frameworks";
				MARKETING_VERSION = 1.0;
				PRODUCT_BUNDLE_IDENTIFIER = com.ianrupp.spaces;
				PRODUCT_NAME = "$(TARGET_NAME)";
				SDKROOT = iphoneos;
				STRING_CATALOG_GENERATE_SYMBOLS = YES;
				SUPPORTED_PLATFORMS = "iphoneos iphonesimulator";
				SWIFT_APPROACHABLE_CONCURRENCY = YES;
				SWIFT_DEFAULT_ACTOR_ISOLATION = MainActor;
				SWIFT_EMIT_LOC_STRINGS = YES;
				SWIFT_UPCOMING_FEATURE_MEMBER_IMPORT_VISIBILITY = YES;
				SWIFT_VERSION = 5.0;
				TARGETED_DEVICE_FAMILY = "1,2";
			};
			name = Release;
		};
/* End XCBuildConfiguration section */

/* Begin XCConfigurationList section */
		000000000000000010000000 /* Build configuration list for PBXProject "Spaces" */ = {
			isa = XCConfigurationList;
			buildConfigurations = (
				000000000000000011000000 /* Debug configuration for PBXProject "Spaces" */,
				000000000000000012000000 /* Release configuration for PBXProject "Spaces" */,
			);
			defaultConfigurationName = Release;
		};
		ABCDEF012345678900000005 /* Build configuration list for PBXNativeTarget "Spaces" */ = {
			isa = XCConfigurationList;
			buildConfigurations = (
				ABCDEF012345678900000008 /* Debug configuration for PBXNativeTarget "Spaces" */,
				ABCDEF012345678900000009 /* Release configuration for PBXNativeTarget "Spaces" */,
			);
			defaultConfigurationName = Release;
		};
/* End XCConfigurationList section */

/* Begin XCRemoteSwiftPackageReference section */
		289072962FF2E06D00D241AA /* XCRemoteSwiftPackageReference "firebase-ios-sdk" */ = {
			isa = XCRemoteSwiftPackageReference;
			repositoryURL = "https://github.com/firebase/firebase-ios-sdk";
			requirement = {
				kind = upToNextMajorVersion;
				minimumVersion = 12.15.0;
			};
		};
		289072C72FF2E0A500D241AA /* XCRemoteSwiftPackageReference "GoogleSignIn-iOS" */ = {
			isa = XCRemoteSwiftPackageReference;
			repositoryURL = "https://github.com/google/GoogleSignIn-iOS";
			requirement = {
				kind = upToNextMajorVersion;
				minimumVersion = 9.2.0;
			};
		};
/* End XCRemoteSwiftPackageReference section */

/* Begin XCSwiftPackageProductDependency section */
		289072972FF2E06D00D241AA /* FirebaseAI */ = {
			isa = XCSwiftPackageProductDependency;
			package = 289072962FF2E06D00D241AA /* XCRemoteSwiftPackageReference "firebase-ios-sdk" */;
			productName = FirebaseAI;
		};
		289072992FF2E06D00D241AA /* FirebaseAILogic */ = {
			isa = XCSwiftPackageProductDependency;
			package = 289072962FF2E06D00D241AA /* XCRemoteSwiftPackageReference "firebase-ios-sdk" */;
			productName = FirebaseAILogic;
		};
		2890729B2FF2E06D00D241AA /* FirebaseAnalytics */ = {
			isa = XCSwiftPackageProductDependency;
			package = 289072962FF2E06D00D241AA /* XCRemoteSwiftPackageReference "firebase-ios-sdk" */;
			productName = FirebaseAnalytics;
		};
		2890729D2FF2E06D00D241AA /* FirebaseAnalyticsCore */ = {
			isa = XCSwiftPackageProductDependency;
			package = 289072962FF2E06D00D241AA /* XCRemoteSwiftPackageReference "firebase-ios-sdk" */;
			productName = FirebaseAnalyticsCore;
		};
		2890729F2FF2E06D00D241AA /* FirebaseAnalyticsIdentitySupport */ = {
			isa = XCSwiftPackageProductDependency;
			package = 289072962FF2E06D00D241AA /* XCRemoteSwiftPackageReference "firebase-ios-sdk" */;
			productName = FirebaseAnalyticsIdentitySupport;
		};
		289072A12FF2E06D00D241AA /* FirebaseAppCheck */ = {
			isa = XCSwiftPackageProductDependency;
			package = 289072962FF2E06D00D241AA /* XCRemoteSwiftPackageReference "firebase-ios-sdk" */;
			productName = FirebaseAppCheck;
		};
		289072A32FF2E06D00D241AA /* FirebaseAppDistribution-Beta */ = {
			isa = XCSwiftPackageProductDependency;
			package = 289072962FF2E06D00D241AA /* XCRemoteSwiftPackageReference "firebase-ios-sdk" */;
			productName = "FirebaseAppDistribution-Beta";
		};
		289072A52FF2E06D00D241AA /* FirebaseAuth */ = {
			isa = XCSwiftPackageProductDependency;
			package = 289072962FF2E06D00D241AA /* XCRemoteSwiftPackageReference "firebase-ios-sdk" */;
			productName = FirebaseAuth;
		};
		289072A72FF2E06D00D241AA /* FirebaseAuthCombine-Community */ = {
			isa = XCSwiftPackageProductDependency;
			package = 289072962FF2E06D00D241AA /* XCRemoteSwiftPackageReference "firebase-ios-sdk" */;
			productName = "FirebaseAuthCombine-Community";
		};
		289072A92FF2E06D00D241AA /* FirebaseCore */ = {
			isa = XCSwiftPackageProductDependency;
			package = 289072962FF2E06D00D241AA /* XCRemoteSwiftPackageReference "firebase-ios-sdk" */;
			productName = FirebaseCore;
		};
		289072AB2FF2E06D00D241AA /* FirebaseCrashlytics */ = {
			isa = XCSwiftPackageProductDependency;
			package = 289072962FF2E06D00D241AA /* XCRemoteSwiftPackageReference "firebase-ios-sdk" */;
			productName = FirebaseCrashlytics;
		};
		289072AD2FF2E06D00D241AA /* FirebaseDatabase */ = {
			isa = XCSwiftPackageProductDependency;
			package = 289072962FF2E06D00D241AA /* XCRemoteSwiftPackageReference "firebase-ios-sdk" */;
			productName = FirebaseDatabase;
		};
		289072AF2FF2E06D00D241AA /* FirebaseFirestore */ = {
			isa = XCSwiftPackageProductDependency;
			package = 289072962FF2E06D00D241AA /* XCRemoteSwiftPackageReference "firebase-ios-sdk" */;
			productName = FirebaseFirestore;
		};
		289072B12FF2E06D00D241AA /* FirebaseFirestoreCombine-Community */ = {
			isa = XCSwiftPackageProductDependency;
			package = 289072962FF2E06D00D241AA /* XCRemoteSwiftPackageReference "firebase-ios-sdk" */;
			productName = "FirebaseFirestoreCombine-Community";
		};
		289072B32FF2E06D00D241AA /* FirebaseFunctions */ = {
			isa = XCSwiftPackageProductDependency;
			package = 289072962FF2E06D00D241AA /* XCRemoteSwiftPackageReference "firebase-ios-sdk" */;
			productName = FirebaseFunctions;
		};
		289072B52FF2E06D00D241AA /* FirebaseFunctionsCombine-Community */ = {
			isa = XCSwiftPackageProductDependency;
			package = 289072962FF2E06D00D241AA /* XCRemoteSwiftPackageReference "firebase-ios-sdk" */;
			productName = "FirebaseFunctionsCombine-Community";
		};
		289072B72FF2E06D00D241AA /* FirebaseInAppMessaging-Beta */ = {
			isa = XCSwiftPackageProductDependency;
			package = 289072962FF2E06D00D241AA /* XCRemoteSwiftPackageReference "firebase-ios-sdk" */;
			productName = "FirebaseInAppMessaging-Beta";
		};
		289072B92FF2E06D00D241AA /* FirebaseInstallations */ = {
			isa = XCSwiftPackageProductDependency;
			package = 289072962FF2E06D00D241AA /* XCRemoteSwiftPackageReference "firebase-ios-sdk" */;
			productName = FirebaseInstallations;
		};
		289072BB2FF2E06D00D241AA /* FirebaseMLModelDownloader */ = {
			isa = XCSwiftPackageProductDependency;
			package = 289072962FF2E06D00D241AA /* XCRemoteSwiftPackageReference "firebase-ios-sdk" */;
			productName = FirebaseMLModelDownloader;
		};
		289072BD2FF2E06D00D241AA /* FirebaseMessaging */ = {
			isa = XCSwiftPackageProductDependency;
			package = 289072962FF2E06D00D241AA /* XCRemoteSwiftPackageReference "firebase-ios-sdk" */;
			productName = FirebaseMessaging;
		};
		289072BF2FF2E06D00D241AA /* FirebasePerformance */ = {
			isa = XCSwiftPackageProductDependency;
			package = 289072962FF2E06D00D241AA /* XCRemoteSwiftPackageReference "firebase-ios-sdk" */;
			productName = FirebasePerformance;
		};
		289072C12FF2E06D00D241AA /* FirebaseRemoteConfig */ = {
			isa = XCSwiftPackageProductDependency;
			package = 289072962FF2E06D00D241AA /* XCRemoteSwiftPackageReference "firebase-ios-sdk" */;
			productName = FirebaseRemoteConfig;
		};
		289072C32FF2E06D00D241AA /* FirebaseStorage */ = {
			isa = XCSwiftPackageProductDependency;
			package = 289072962FF2E06D00D241AA /* XCRemoteSwiftPackageReference "firebase-ios-sdk" */;
			productName = FirebaseStorage;
		};
		289072C52FF2E06D00D241AA /* FirebaseStorageCombine-Community */ = {
			isa = XCSwiftPackageProductDependency;
			package = 289072962FF2E06D00D241AA /* XCRemoteSwiftPackageReference "firebase-ios-sdk" */;
			productName = "FirebaseStorageCombine-Community";
		};
		289072C82FF2E0A500D241AA /* GoogleSignIn */ = {
			isa = XCSwiftPackageProductDependency;
			package = 289072C72FF2E0A500D241AA /* XCRemoteSwiftPackageReference "GoogleSignIn-iOS" */;
			productName = GoogleSignIn;
		};
		289072CA2FF2E0A500D241AA /* GoogleSignInSwift */ = {
			isa = XCSwiftPackageProductDependency;
			package = 289072C72FF2E0A500D241AA /* XCRemoteSwiftPackageReference "GoogleSignIn-iOS" */;
			productName = GoogleSignInSwift;
		};
/* End XCSwiftPackageProductDependency section */
	};
	rootObject = 000000000000000000000000 /* Project object */;
}
